<?xml version="1.0" encoding="utf-8"?>
<Project ToolsVersion="4.0" xmlns="http://schemas.microsoft.com/developer/msbuild/2003">
  <ItemGroup>
    <Filter Include="Pliki źródłowe">
      <UniqueIdentifier>{4FC737F1-C7A5-4376-A066-2A32D752A2FF}</UniqueIdentifier>
      <Extensions>cpp;c;cc;cxx;c++;def;odl;idl;hpj;bat;asm;asmx</Extensions>
    </Filter>
    <Filter Include="Pliki nagłówkowe">
      <UniqueIdentifier>{93995380-89BD-4b04-88EB-625FBE52EBFB}</UniqueIdentifier>
      <Extensions>h;hh;hpp;hxx;h++;hm;inl;inc;ipp;xsd</Extensions>
    </Filter>
    <Filter Include="Pliki zasobów">
      <UniqueIdentifier>{67DA6AB6-F800-4c08-8B7A-83BB121AAD01}</UniqueIdentifier>
      <Extensions>rc;ico;cur;bmp;dlg;rc2;rct;bin;rgs;gif;jpg;jpeg;jpe;resx;tiff;tif;png;wav;mfcribbon-ms</Extensions>
    </Filter>
    <Filter Include="Pliki nagłówkowe\Rodzaje Zwierzat">
      <UniqueIdentifier>{e4feb2dd-6cdf-418a-ae4a-153d994fa729}</UniqueIdentifier>
    </Filter>
    <Filter Include="Pliki źródłowe\Rodzaje Zwierzat">
      <UniqueIdentifier>{0344a7c7-43bf-4a96-adf9-b29a619ace20}</UniqueIdentifier>
    </Filter>
    <Filter Include="Pliki źródłowe\Rodzaje Roslin">
      <UniqueIdentifier>{20b04991-4619-402b-a0ef-f4d969b2965d}</UniqueIdentifier>
    </Filter>
    <Filter Include="Pliki nagłówkowe\Rodzaje Roslin">
      <UniqueIdentifier>{1833a9d8-52a8-4ed8-99dd-f11c2c389d04}</UniqueIdentifier>
    </Filter>
  </ItemGroup>
  <ItemGroup>
    <ClCompile Include="gierka_PO.cpp">
      <Filter>Pliki źródłowe</Filter>
    </ClCompile>
    <ClCompile Include="Swiat.cpp">
      <Filter>Pliki źródłowe</Filter>
    </ClCompile>
    <ClCompile Include="Organizm.cpp">
      <Filter>Pliki źródłowe</Filter>
    </ClCompile>
    <ClCompile Include="Roslina.cpp">
      <Filter>Pliki źródłowe</Filter>
    </ClCompile>
    <ClCompile Include="Zwierze.cpp">
      <Filter>Pliki źródłowe</Filter>
    </ClCompile>
    <ClCompile Include="Trawa.cpp">
      <Filter>Pliki źródłowe\Rodzaje Roslin</Filter>
    </ClCompile>
    <ClCompile Include="Czlowiek.cpp">
      <Filter>Pliki źródłowe\Rodzaje Zwierzat</Filter>
    </ClCompile>
    <ClCompile Include="Wilk.cpp">
      <Filter>Pliki źródłowe\Rodzaje Zwierzat</Filter>
    </ClCompile>
    <ClCompile Include="Owca.cpp">
      <Filter>Pliki źródłowe\Rodzaje Zwierzat</Filter>
    </ClCompile>
    <ClCompile Include="Lis.cpp">
      <Filter>Pliki źródłowe\Rodzaje Zwierzat</Filter>
    </ClCompile>
    <ClCompile Include="Zolw.cpp">
      <Filter>Pliki źródłowe\Rodzaje Zwierzat</Filter>
    </ClCompile>
    <ClCompile Include="Antylopa.cpp">
      <Filter>Pliki źródłowe\Rodzaje Zwierzat</Filter>
    </ClCompile>
    <ClCompile Include="Guarana.cpp">
      <Filter>Pliki źródłowe\Rodzaje Roslin</Filter>
    </ClCompile>
    <ClCompile Include="Mlecz.cpp">
      <Filter>Pliki źródłowe\Rodzaje Roslin</Filter>
    </ClCompile>
    <ClCompile Include="WilczeJagody.cpp">
      <Filter>Pliki źródłowe\Rodzaje Roslin</Filter>
    </ClCompile>
    <ClCompile Include="BarszczSosnowskiego.cpp">
      <Filter>Pliki źródłowe\Rodzaje Roslin</Filter>
    </ClCompile>
  </ItemGroup>
  <ItemGroup>
    <ClInclude Include="Swiat.h">
      <Filter>Pliki nagłówkowe</Filter>
    </ClInclude>
    <ClInclude Include="Organizm.h">
      <Filter>Pliki nagłówkowe</Filter>
    </ClInclude>
    <ClInclude Include="Roslina.h">
      <Filter>Pliki nagłówkowe</Filter>
    </ClInclude>
    <ClInclude Include="Zwierze.h">
      <Filter>Pliki nagłówkowe</Filter>
    </ClInclude>
    <ClInclude Include="Trawa.h">
      <Filter>Pliki nagłówkowe\Rodzaje Roslin</Filter>
    </ClInclude>
    <ClInclude Include="Czlowiek.h">
      <Filter>Pliki nagłówkowe\Rodzaje Zwierzat</Filter>
    </ClInclude>
    <ClInclude Include="Wilk.h">
      <Filter>Pliki nagłówkowe\Rodzaje Zwierzat</Filter>
    </ClInclude>
    <ClInclude Include="Lis.h">
      <Filter>Pliki nagłówkowe\Rodzaje Zwierzat</Filter>
    </ClInclude>
    <ClInclude Include="Owca.h">
      <Filter>Pliki nagłówkowe\Rodzaje Zwierzat</Filter>
    </ClInclude>
    <ClInclude Include="Antylopa.h">
      <Filter>Pliki nagłówkowe\Rodzaje Zwierzat</Filter>
    </ClInclude>
    <ClInclude Include="Zolw.h">
      <Filter>Pliki nagłówkowe\Rodzaje Zwierzat</Filter>
    </ClInclude>
    <ClInclude Include="Guarana.h">
      <Filter>Pliki nagłówkowe\Rodzaje Roslin</Filter>
    </ClInclude>
    <ClInclude Include="Mlecz.h">
      <Filter>Pliki nagłówkowe\Rodzaje Roslin</Filter>
    </ClInclude>
    <ClInclude Include="WilczeJagody.h">
      <Filter>Pliki nagłówkowe\Rodzaje Roslin</Filter>
    </ClInclude>
    <ClInclude Include="BarszczSosnowskiego.h">
      <Filter>Pliki nagłówkowe\Rodzaje Roslin</Filter>
    </ClInclude>
  </ItemGroup>
</Project>